
Microsoft Visual Studio Solution File, Format Version 12.00
# Visual Studio Version 17
VisualStudioVersion = 17.14.36811.4 d17.14
MinimumVisualStudioVersion = 10.0.40219.1
Project("{FAE04EC0-301F-11D3-BF4B-00C04F79EFBC}") = "RKU_PLACEMENT_PORTAL", "RKU_PLACEMENT_PORTAL.csproj", "{6A95806A-9531-4888-A915-C0D6EF5CD130}"
EndProject
Global
	GlobalSection(SolutionConfigurationPlatforms) = preSolution
		Debug|Any CPU = Debug|Any CPU
		Release|Any CPU = Release|Any CPU
	EndGlobalSection
	GlobalSection(ProjectConfigurationPlatforms) = postSolution
		{6A95806A-9531-4888-A915-C0D6EF5CD130}.Debug|Any CPU.ActiveCfg = Debug|Any CPU
		{6A95806A-9531-4888-A915-C0D6EF5CD130}.Debug|Any CPU.Build.0 = Debug|Any CPU
		{6A95806A-9531-4888-A915-C0D6EF5CD130}.Release|Any CPU.ActiveCfg = Release|Any CPU
		{6A95806A-9531-4888-A915-C0D6EF5CD130}.Release|Any CPU.Build.0 = Release|Any CPU
	EndGlobalSection
	GlobalSection(SolutionProperties) = preSolution
		HideSolutionNode = FALSE
	EndGlobalSection
	GlobalSection(ExtensibilityGlobals) = postSolution
		SolutionGuid = {B0B2C70F-3314-4120-A882-DA028D5A487B}
	EndGlobalSection
EndGlobal
